// !$*UTF8*$!
{
	archiveVersion = 1;
	classes = {
	};
	objectVersion = 46;
	objects = {

/* Begin PBXAggregateTarget section */
		D38A23F314E4C3FE00F6AFFE /* Aggregate */ = {
			isa = PBXAggregateTarget;
			buildConfigurationList = D38A23FA14E4C3FE00F6AFFE /* Build configuration list for PBXAggregateTarget "Aggregate" */;
			buildPhases = (
			);
			dependencies = (
				D38A245414E4C3FE00F6AFFE /* PBXTargetDependency */,
				D38A247D14E4C7FC00F6AFFE /* PBXTargetDependency */,
			);
			name = Aggregate;
			productName = "ManOpen (Aggregate)";
		};
/* End PBXAggregateTarget section */

/* Begin PBXBuildFile section */
		5553E1FC1881F2C2003C2DBF /* Help.rtf in Resources */ = {isa = PBXBuildFile; fileRef = 5553E1FE1881F2C2003C2DBF /* Help.rtf */; };
		5553E20C1881F640003C2DBF /* Apropos.xib in Resources */ = {isa = PBXBuildFile; fileRef = 5553E20E1881F640003C2DBF /* Apropos.xib */; };
		5553E20F1881F646003C2DBF /* DocController.xib in Resources */ = {isa = PBXBuildFile; fileRef = 5553E2111881F646003C2DBF /* DocController.xib */; };
		5553E2151881F65A003C2DBF /* ManOpen.xib in Resources */ = {isa = PBXBuildFile; fileRef = 5553E2171881F65A003C2DBF /* ManOpen.xib */; };
		5553E2181881F666003C2DBF /* ManPage.xib in Resources */ = {isa = PBXBuildFile; fileRef = 5553E21A1881F666003C2DBF /* ManPage.xib */; };
		5553E21B1881F670003C2DBF /* PrefPanel.xib in Resources */ = {isa = PBXBuildFile; fileRef = 5553E21D1881F670003C2DBF /* PrefPanel.xib */; };
		5553E21F1881F83E003C2DBF /* Images.xcassets in Resources */ = {isa = PBXBuildFile; fileRef = 5553E21E1881F83E003C2DBF /* Images.xcassets */; };
		55A5E74519BE0BFA00BF2597 /* DisplayPathFormatter.swift in Sources */ = {isa = PBXBuildFile; fileRef = 55A5E74419BE0BFA00BF2597 /* DisplayPathFormatter.swift */; };
		55A5E74719BE11B400BF2597 /* main.swift in Sources */ = {isa = PBXBuildFile; fileRef = 55A5E74619BE11B400BF2597 /* main.swift */; };
		55B078E519BE946500586F4C /* NSUserDefaults+additions.swift in Sources */ = {isa = PBXBuildFile; fileRef = 55B078E419BE946500586F4C /* NSUserDefaults+additions.swift */; };
		55B880BB19BEB80E0026FCF9 /* ManDocumentController.swift in Sources */ = {isa = PBXBuildFile; fileRef = 55B880BA19BEB80E0026FCF9 /* ManDocumentController.swift */; };
		55C0CEF519BE04D8009C50D7 /* Images.xcassets in Resources */ = {isa = PBXBuildFile; fileRef = 5553E21E1881F83E003C2DBF /* Images.xcassets */; };
		55C0CEF619BE04D8009C50D7 /* ManOpen.scriptSuite in Resources */ = {isa = PBXBuildFile; fileRef = D392792F0821FFA400376676 /* ManOpen.scriptSuite */; };
		55C0CEF719BE04D8009C50D7 /* ManOpen.scriptTerminology in Resources */ = {isa = PBXBuildFile; fileRef = 55F13AB615103C1E0095B5A9 /* ManOpen.scriptTerminology */; };
		55C0CEF819BE04D8009C50D7 /* Credits.rtf in Resources */ = {isa = PBXBuildFile; fileRef = D39279350821FFA400376676 /* Credits.rtf */; };
		55C0CEF919BE04D8009C50D7 /* Help.rtf in Resources */ = {isa = PBXBuildFile; fileRef = 5553E1FE1881F2C2003C2DBF /* Help.rtf */; };
		55C0CEFE19BE04D8009C50D7 /* InfoPlist.strings in Resources */ = {isa = PBXBuildFile; fileRef = D39279380821FFA400376676 /* InfoPlist.strings */; };
		55C0CF0819BE04D8009C50D7 /* Foundation.framework in Frameworks */ = {isa = PBXBuildFile; fileRef = D39279810821FFA400376676 /* Foundation.framework */; };
		55C0CF0919BE04D8009C50D7 /* AppKit.framework in Frameworks */ = {isa = PBXBuildFile; fileRef = D39279850821FFA400376676 /* AppKit.framework */; };
		55C0CF0B19BE04D8009C50D7 /* cat2rtf in CopyFiles */ = {isa = PBXBuildFile; fileRef = D38A243814E4C3FE00F6AFFE /* cat2rtf */; settings = {ATTRIBUTES = (CodeSignOnCopy, ); }; };
		55C0CF0C19BE04D8009C50D7 /* cat2html in CopyFiles */ = {isa = PBXBuildFile; fileRef = D38A244414E4C3FE00F6AFFE /* cat2html */; settings = {ATTRIBUTES = (CodeSignOnCopy, ); }; };
		55C0CF4419BE07E9009C50D7 /* AproposDocument.m in Sources */ = {isa = PBXBuildFile; fileRef = 55C0CF1719BE07E8009C50D7 /* AproposDocument.m */; };
		55C0CF4519BE07E9009C50D7 /* Apropos.xib in Resources */ = {isa = PBXBuildFile; fileRef = 55C0CF1819BE07E8009C50D7 /* Apropos.xib */; };
		55C0CF4619BE07E9009C50D7 /* DocController.xib in Resources */ = {isa = PBXBuildFile; fileRef = 55C0CF1A19BE07E8009C50D7 /* DocController.xib */; };
		55C0CF4719BE07E9009C50D7 /* ManOpen.xib in Resources */ = {isa = PBXBuildFile; fileRef = 55C0CF1C19BE07E8009C50D7 /* ManOpen.xib */; };
		55C0CF4819BE07E9009C50D7 /* ManPage.xib in Resources */ = {isa = PBXBuildFile; fileRef = 55C0CF1E19BE07E9009C50D7 /* ManPage.xib */; };
		55C0CF4919BE07E9009C50D7 /* PrefPanel.xib in Resources */ = {isa = PBXBuildFile; fileRef = 55C0CF2019BE07E9009C50D7 /* PrefPanel.xib */; };
		55C0CF5519BE07E9009C50D7 /* ManDocument.m in Sources */ = {isa = PBXBuildFile; fileRef = 55C0CF3719BE07E9009C50D7 /* ManDocument.m */; };
		55C0CF5719BE07E9009C50D7 /* ManOpen-nextstep.tiff in Resources */ = {isa = PBXBuildFile; fileRef = 55C0CF3A19BE07E9009C50D7 /* ManOpen-nextstep.tiff */; };
		55C0CF5A19BE07E9009C50D7 /* NSData+Utils.m in Sources */ = {isa = PBXBuildFile; fileRef = 55C0CF4019BE07E9009C50D7 /* NSData+Utils.m */; };
		55C0CF5C19BE07E9009C50D7 /* PrefPanelController.swift in Sources */ = {isa = PBXBuildFile; fileRef = 55C0CF4319BE07E9009C50D7 /* PrefPanelController.swift */; };
		55C0CF5D19BE0865009C50D7 /* AproposDocument.m in Sources */ = {isa = PBXBuildFile; fileRef = D39278F20821FFA400376676 /* AproposDocument.m */; };
		55C0CF5E19BE0865009C50D7 /* ManDocument.m in Sources */ = {isa = PBXBuildFile; fileRef = D39278F60821FFA400376676 /* ManDocument.m */; };
		55C0CF5F19BE0865009C50D7 /* ManDocumentController.m in Sources */ = {isa = PBXBuildFile; fileRef = D39278F80821FFA400376676 /* ManDocumentController.m */; };
		55C0CF6019BE0865009C50D7 /* NSData+Utils.m in Sources */ = {isa = PBXBuildFile; fileRef = D39278FA0821FFA400376676 /* NSData+Utils.m */; };
		55C0CF6119BE0865009C50D7 /* PrefPanelController.m in Sources */ = {isa = PBXBuildFile; fileRef = D39278FC0821FFA400376676 /* PrefPanelController.m */; };
		55F13AB415103C1E0095B5A9 /* ManOpen.scriptTerminology in Resources */ = {isa = PBXBuildFile; fileRef = 55F13AB615103C1E0095B5A9 /* ManOpen.scriptTerminology */; };
		D38A241514E4C3FE00F6AFFE /* ManOpen.scriptSuite in Resources */ = {isa = PBXBuildFile; fileRef = D392792F0821FFA400376676 /* ManOpen.scriptSuite */; };
		D38A241814E4C3FE00F6AFFE /* Credits.rtf in Resources */ = {isa = PBXBuildFile; fileRef = D39279350821FFA400376676 /* Credits.rtf */; };
		D38A241914E4C3FE00F6AFFE /* InfoPlist.strings in Resources */ = {isa = PBXBuildFile; fileRef = D39279380821FFA400376676 /* InfoPlist.strings */; };
		D38A242114E4C3FE00F6AFFE /* ManOpen_main.m in Sources */ = {isa = PBXBuildFile; fileRef = D39279100821FFA400376676 /* ManOpen_main.m */; settings = {ATTRIBUTES = (); }; };
		D38A242314E4C3FE00F6AFFE /* Foundation.framework in Frameworks */ = {isa = PBXBuildFile; fileRef = D39279810821FFA400376676 /* Foundation.framework */; };
		D38A242414E4C3FE00F6AFFE /* AppKit.framework in Frameworks */ = {isa = PBXBuildFile; fileRef = D39279850821FFA400376676 /* AppKit.framework */; };
		D38A243F14E4C3FE00F6AFFE /* Foundation.framework in Frameworks */ = {isa = PBXBuildFile; fileRef = D39279810821FFA400376676 /* Foundation.framework */; };
		D38A244914E4C3FE00F6AFFE /* openman.m in Sources */ = {isa = PBXBuildFile; fileRef = D39279770821FFA400376676 /* openman.m */; settings = {ATTRIBUTES = (); }; };
		D38A244B14E4C3FE00F6AFFE /* Foundation.framework in Frameworks */ = {isa = PBXBuildFile; fileRef = D39279810821FFA400376676 /* Foundation.framework */; };
		D38A244C14E4C3FE00F6AFFE /* AppKit.framework in Frameworks */ = {isa = PBXBuildFile; fileRef = D39279850821FFA400376676 /* AppKit.framework */; };
		D38A245C14E4C3FE00F6AFFE /* cat2rtf in CopyFiles */ = {isa = PBXBuildFile; fileRef = D38A243814E4C3FE00F6AFFE /* cat2rtf */; settings = {ATTRIBUTES = (CodeSignOnCopy, ); }; };
		D38A245D14E4C3FE00F6AFFE /* cat2html in CopyFiles */ = {isa = PBXBuildFile; fileRef = D38A244414E4C3FE00F6AFFE /* cat2html */; settings = {ATTRIBUTES = (CodeSignOnCopy, ); }; };
		D38A24F414E5AC0600F6AFFE /* cat2rtf.l in Sources */ = {isa = PBXBuildFile; fileRef = D39279560821FFA400376676 /* cat2rtf.l */; };
		D38A250514E5B05300F6AFFE /* cat2html.l in Sources */ = {isa = PBXBuildFile; fileRef = D39279690821FFA400376676 /* cat2html.l */; };
		D3EA5C4014EDC3BE00AB000A /* openman.1 in CopyFiles */ = {isa = PBXBuildFile; fileRef = D392797F0821FFA400376676 /* openman.1 */; };
/* End PBXBuildFile section */

/* Begin PBXContainerItemProxy section */
		55C0CEF119BE04D8009C50D7 /* PBXContainerItemProxy */ = {
			isa = PBXContainerItemProxy;
			containerPortal = D39279890821FFA400376676 /* Project object */;
			proxyType = 1;
			remoteGlobalIDString = D38A242F14E4C3FE00F6AFFE;
			remoteInfo = "cat2rtf (Tool) (Upgraded)";
		};
		55C0CEF319BE04D8009C50D7 /* PBXContainerItemProxy */ = {
			isa = PBXContainerItemProxy;
			containerPortal = D39279890821FFA400376676 /* Project object */;
			proxyType = 1;
			remoteGlobalIDString = D38A243A14E4C3FE00F6AFFE;
			remoteInfo = "cat2html (Tool) (Upgraded)";
		};
		D38A245314E4C3FE00F6AFFE /* PBXContainerItemProxy */ = {
			isa = PBXContainerItemProxy;
			containerPortal = D39279890821FFA400376676 /* Project object */;
			proxyType = 1;
			remoteGlobalIDString = D38A23FD14E4C3FE00F6AFFE;
			remoteInfo = "ManOpen (Application) (Upgraded)";
		};
		D38A245714E4C3FE00F6AFFE /* PBXContainerItemProxy */ = {
			isa = PBXContainerItemProxy;
			containerPortal = D39279890821FFA400376676 /* Project object */;
			proxyType = 1;
			remoteGlobalIDString = D38A242F14E4C3FE00F6AFFE;
			remoteInfo = "cat2rtf (Tool) (Upgraded)";
		};
		D38A245914E4C3FE00F6AFFE /* PBXContainerItemProxy */ = {
			isa = PBXContainerItemProxy;
			containerPortal = D39279890821FFA400376676 /* Project object */;
			proxyType = 1;
			remoteGlobalIDString = D38A243A14E4C3FE00F6AFFE;
			remoteInfo = "cat2html (Tool) (Upgraded)";
		};
		D38A247C14E4C7FC00F6AFFE /* PBXContainerItemProxy */ = {
			isa = PBXContainerItemProxy;
			containerPortal = D39279890821FFA400376676 /* Project object */;
			proxyType = 1;
			remoteGlobalIDString = D38A244614E4C3FE00F6AFFE;
			remoteInfo = "openman (Tool)";
		};
/* End PBXContainerItemProxy section */

/* Begin PBXCopyFilesBuildPhase section */
		55C0CF0A19BE04D8009C50D7 /* CopyFiles */ = {
			isa = PBXCopyFilesBuildPhase;
			buildActionMask = 2147483647;
			dstPath = "";
			dstSubfolderSpec = 7;
			files = (
				55C0CF0B19BE04D8009C50D7 /* cat2rtf in CopyFiles */,
				55C0CF0C19BE04D8009C50D7 /* cat2html in CopyFiles */,
			);
			runOnlyForDeploymentPostprocessing = 0;
		};
		D38A242614E4C3FE00F6AFFE /* CopyFiles */ = {
			isa = PBXCopyFilesBuildPhase;
			buildActionMask = 2147483647;
			dstPath = "";
			dstSubfolderSpec = 7;
			files = (
				D38A245C14E4C3FE00F6AFFE /* cat2rtf in CopyFiles */,
				D38A245D14E4C3FE00F6AFFE /* cat2html in CopyFiles */,
			);
			runOnlyForDeploymentPostprocessing = 0;
		};
		D3EA5C4314EDC3C100AB000A /* CopyFiles */ = {
			isa = PBXCopyFilesBuildPhase;
			buildActionMask = 8;
			dstPath = "/$(INSTALL_PATH)";
			dstSubfolderSpec = 0;
			files = (
				D3EA5C4014EDC3BE00AB000A /* openman.1 in CopyFiles */,
			);
			runOnlyForDeploymentPostprocessing = 1;
		};
/* End PBXCopyFilesBuildPhase section */

/* Begin PBXFileReference section */
		552F6EAC18E23A2C0056F78B /* Info-ManOpen.plist */ = {isa = PBXFileReference; lastKnownFileType = text.plist.xml; path = "Info-ManOpen.plist"; sourceTree = "<group>"; };
		55485832190C53570017BB41 /* Base */ = {isa = PBXFileReference; lastKnownFileType = file.xib; name = Base; path = Base.lproj/Apropos.xib; sourceTree = "<group>"; };
		55485833190C53570017BB41 /* Base */ = {isa = PBXFileReference; lastKnownFileType = file.xib; name = Base; path = Base.lproj/DocController.xib; sourceTree = "<group>"; };
		55485834190C53570017BB41 /* Base */ = {isa = PBXFileReference; lastKnownFileType = file.xib; name = Base; path = Base.lproj/ManOpen.xib; sourceTree = "<group>"; };
		55485835190C53570017BB41 /* Base */ = {isa = PBXFileReference; lastKnownFileType = file.xib; name = Base; path = Base.lproj/ManPage.xib; sourceTree = "<group>"; };
		55485836190C53570017BB41 /* Base */ = {isa = PBXFileReference; lastKnownFileType = file.xib; name = Base; path = Base.lproj/PrefPanel.xib; sourceTree = "<group>"; };
		55485838190C53610017BB41 /* en */ = {isa = PBXFileReference; lastKnownFileType = text.plist.strings; name = en; path = en.lproj/Apropos.strings; sourceTree = "<group>"; };
		5548583A190C536D0017BB41 /* en */ = {isa = PBXFileReference; lastKnownFileType = text.plist.strings; name = en; path = en.lproj/DocController.strings; sourceTree = "<group>"; };
		5548583C190C53750017BB41 /* en */ = {isa = PBXFileReference; lastKnownFileType = text.plist.strings; name = en; path = en.lproj/ManOpen.strings; sourceTree = "<group>"; };
		5548583E190C537A0017BB41 /* en */ = {isa = PBXFileReference; lastKnownFileType = text.plist.strings; name = en; path = en.lproj/ManPage.strings; sourceTree = "<group>"; };
		55485840190C537F0017BB41 /* en */ = {isa = PBXFileReference; lastKnownFileType = text.plist.strings; name = en; path = en.lproj/PrefPanel.strings; sourceTree = "<group>"; };
		5553E1FF1881F2CA003C2DBF /* en */ = {isa = PBXFileReference; lastKnownFileType = text.rtf; name = en; path = en.lproj/Help.rtf; sourceTree = "<group>"; };
		5553E21E1881F83E003C2DBF /* Images.xcassets */ = {isa = PBXFileReference; lastKnownFileType = folder.assetcatalog; name = Images.xcassets; path = ManOpen/Images.xcassets; sourceTree = SOURCE_ROOT; };
		5553E22018821265003C2DBF /* openman-Info.plist */ = {isa = PBXFileReference; lastKnownFileType = text.plist.xml; path = "openman-Info.plist"; sourceTree = "<group>"; };
		5553E22418821455003C2DBF /* cat2html-Info.plist */ = {isa = PBXFileReference; lastKnownFileType = text.plist.xml; path = "cat2html-Info.plist"; sourceTree = "<group>"; };
		5553E226188214B9003C2DBF /* cat2rtf-Info.plist */ = {isa = PBXFileReference; fileEncoding = 4; lastKnownFileType = text.plist.xml; path = "cat2rtf-Info.plist"; sourceTree = "<group>"; };
		55A5E74419BE0BFA00BF2597 /* DisplayPathFormatter.swift */ = {isa = PBXFileReference; fileEncoding = 4; lastKnownFileType = sourcecode.swift; path = DisplayPathFormatter.swift; sourceTree = "<group>"; };
		55A5E74619BE11B400BF2597 /* main.swift */ = {isa = PBXFileReference; fileEncoding = 4; lastKnownFileType = sourcecode.swift; path = main.swift; sourceTree = "<group>"; };
		55B078E419BE946500586F4C /* NSUserDefaults+additions.swift */ = {isa = PBXFileReference; fileEncoding = 4; lastKnownFileType = sourcecode.swift; path = "NSUserDefaults+additions.swift"; sourceTree = "<group>"; };
		55B880BA19BEB80E0026FCF9 /* ManDocumentController.swift */ = {isa = PBXFileReference; fileEncoding = 4; lastKnownFileType = sourcecode.swift; path = ManDocumentController.swift; sourceTree = "<group>"; };
		55C0CF1019BE04D8009C50D7 /* ManOpenSwift.app */ = {isa = PBXFileReference; explicitFileType = wrapper.application; includeInIndex = 0; path = ManOpenSwift.app; sourceTree = BUILT_PRODUCTS_DIR; };
		55C0CF1619BE07E8009C50D7 /* AproposDocument.h */ = {isa = PBXFileReference; fileEncoding = 4; lastKnownFileType = sourcecode.c.h; path = AproposDocument.h; sourceTree = "<group>"; };
		55C0CF1719BE07E8009C50D7 /* AproposDocument.m */ = {isa = PBXFileReference; fileEncoding = 4; lastKnownFileType = sourcecode.c.objc; path = AproposDocument.m; sourceTree = "<group>"; };
		55C0CF1919BE07E8009C50D7 /* Base */ = {isa = PBXFileReference; lastKnownFileType = file.xib; name = Base; path = Base.lproj/Apropos.xib; sourceTree = "<group>"; };
		55C0CF1B19BE07E8009C50D7 /* Base */ = {isa = PBXFileReference; lastKnownFileType = file.xib; name = Base; path = Base.lproj/DocController.xib; sourceTree = "<group>"; };
		55C0CF1D19BE07E9009C50D7 /* Base */ = {isa = PBXFileReference; lastKnownFileType = file.xib; name = Base; path = Base.lproj/ManOpen.xib; sourceTree = "<group>"; };
		55C0CF1F19BE07E9009C50D7 /* Base */ = {isa = PBXFileReference; lastKnownFileType = file.xib; name = Base; path = Base.lproj/ManPage.xib; sourceTree = "<group>"; };
		55C0CF2119BE07E9009C50D7 /* Base */ = {isa = PBXFileReference; lastKnownFileType = file.xib; name = Base; path = Base.lproj/PrefPanel.xib; sourceTree = "<group>"; };
		55C0CF3519BE07E9009C50D7 /* Info-ManOpen.plist */ = {isa = PBXFileReference; fileEncoding = 4; lastKnownFileType = text.plist.xml; path = "Info-ManOpen.plist"; sourceTree = "<group>"; };
		55C0CF3619BE07E9009C50D7 /* ManDocument.h */ = {isa = PBXFileReference; fileEncoding = 4; lastKnownFileType = sourcecode.c.h; path = ManDocument.h; sourceTree = "<group>"; };
		55C0CF3719BE07E9009C50D7 /* ManDocument.m */ = {isa = PBXFileReference; fileEncoding = 4; lastKnownFileType = sourcecode.c.objc; path = ManDocument.m; sourceTree = "<group>"; };
		55C0CF3819BE07E9009C50D7 /* ManDocumentController.h */ = {isa = PBXFileReference; fileEncoding = 4; lastKnownFileType = sourcecode.c.h; path = ManDocumentController.h; sourceTree = "<group>"; };
		55C0CF3919BE07E9009C50D7 /* ManDocumentController.m */ = {isa = PBXFileReference; fileEncoding = 4; lastKnownFileType = sourcecode.c.objc; path = ManDocumentController.m; sourceTree = "<group>"; };
		55C0CF3A19BE07E9009C50D7 /* ManOpen-nextstep.tiff */ = {isa = PBXFileReference; lastKnownFileType = image.tiff; path = "ManOpen-nextstep.tiff"; sourceTree = "<group>"; };
		55C0CF3D19BE07E9009C50D7 /* ManOpenProtocol.h */ = {isa = PBXFileReference; fileEncoding = 4; lastKnownFileType = sourcecode.c.h; path = ManOpenProtocol.h; sourceTree = "<group>"; };
		55C0CF3E19BE07E9009C50D7 /* ManOpenSwift-Bridging-Header.h */ = {isa = PBXFileReference; fileEncoding = 4; lastKnownFileType = sourcecode.c.h; path = "ManOpenSwift-Bridging-Header.h"; sourceTree = "<group>"; };
		55C0CF3F19BE07E9009C50D7 /* NSData+Utils.h */ = {isa = PBXFileReference; fileEncoding = 4; lastKnownFileType = sourcecode.c.h; path = "NSData+Utils.h"; sourceTree = "<group>"; };
		55C0CF4019BE07E9009C50D7 /* NSData+Utils.m */ = {isa = PBXFileReference; fileEncoding = 4; lastKnownFileType = sourcecode.c.objc; path = "NSData+Utils.m"; sourceTree = "<group>"; };
		55C0CF4319BE07E9009C50D7 /* PrefPanelController.swift */ = {isa = PBXFileReference; fileEncoding = 4; lastKnownFileType = sourcecode.swift; path = PrefPanelController.swift; sourceTree = "<group>"; };
		55C0CF6219BE0894009C50D7 /* en */ = {isa = PBXFileReference; lastKnownFileType = text.plist.strings; name = en; path = en.lproj/Apropos.strings; sourceTree = "<group>"; };
		55C0CF6319BE08A8009C50D7 /* en */ = {isa = PBXFileReference; lastKnownFileType = text.plist.strings; name = en; path = en.lproj/DocController.strings; sourceTree = "<group>"; };
		55C0CF6419BE08AC009C50D7 /* en */ = {isa = PBXFileReference; lastKnownFileType = text.plist.strings; name = en; path = en.lproj/ManOpen.strings; sourceTree = "<group>"; };
		55C0CF6519BE08B0009C50D7 /* en */ = {isa = PBXFileReference; lastKnownFileType = text.plist.strings; name = en; path = en.lproj/ManPage.strings; sourceTree = "<group>"; };
		55C0CF6619BE08B6009C50D7 /* en */ = {isa = PBXFileReference; lastKnownFileType = text.plist.strings; name = en; path = en.lproj/PrefPanel.strings; sourceTree = "<group>"; };
		55E8029B188237D600037AF6 /* CoreFoundation.framework */ = {isa = PBXFileReference; lastKnownFileType = wrapper.framework; name = CoreFoundation.framework; path = System/Library/Frameworks/CoreFoundation.framework; sourceTree = SDKROOT; };
		55E8029C188237D600037AF6 /* CoreServices.framework */ = {isa = PBXFileReference; lastKnownFileType = wrapper.framework; name = CoreServices.framework; path = System/Library/Frameworks/CoreServices.framework; sourceTree = SDKROOT; };
		55E8029F188237E000037AF6 /* ApplicationServices.framework */ = {isa = PBXFileReference; lastKnownFileType = wrapper.framework; name = ApplicationServices.framework; path = System/Library/Frameworks/ApplicationServices.framework; sourceTree = SDKROOT; };
		55E802A1188237F000037AF6 /* Cocoa.framework */ = {isa = PBXFileReference; lastKnownFileType = wrapper.framework; name = Cocoa.framework; path = System/Library/Frameworks/Cocoa.framework; sourceTree = SDKROOT; };
		55E802A3188237FA00037AF6 /* CoreData.framework */ = {isa = PBXFileReference; lastKnownFileType = wrapper.framework; name = CoreData.framework; path = System/Library/Frameworks/CoreData.framework; sourceTree = SDKROOT; };
		55F13AB515103C1E0095B5A9 /* English */ = {isa = PBXFileReference; lastKnownFileType = text.plist.scriptTerminology; name = English; path = English.lproj/ManOpen.scriptTerminology; sourceTree = "<group>"; };
		D38A242C14E4C3FE00F6AFFE /* Info-ManOpen.plist */ = {isa = PBXFileReference; lastKnownFileType = text.plist.xml; path = "Info-ManOpen.plist"; sourceTree = "<group>"; };
		D38A242D14E4C3FE00F6AFFE /* ManOpen.app */ = {isa = PBXFileReference; explicitFileType = wrapper.application; includeInIndex = 0; path = ManOpen.app; sourceTree = BUILT_PRODUCTS_DIR; };
		D38A243814E4C3FE00F6AFFE /* cat2rtf */ = {isa = PBXFileReference; explicitFileType = "compiled.mach-o.executable"; includeInIndex = 0; path = cat2rtf; sourceTree = BUILT_PRODUCTS_DIR; };
		D38A244414E4C3FE00F6AFFE /* cat2html */ = {isa = PBXFileReference; explicitFileType = "compiled.mach-o.executable"; includeInIndex = 0; path = cat2html; sourceTree = BUILT_PRODUCTS_DIR; };
		D38A245114E4C3FE00F6AFFE /* openman */ = {isa = PBXFileReference; explicitFileType = "compiled.mach-o.executable"; includeInIndex = 0; path = openman; sourceTree = BUILT_PRODUCTS_DIR; };
		D39278F20821FFA400376676 /* AproposDocument.m */ = {isa = PBXFileReference; lastKnownFileType = sourcecode.c.objc; path = AproposDocument.m; sourceTree = "<group>"; usesTabs = 0; };
		D39278F60821FFA400376676 /* ManDocument.m */ = {isa = PBXFileReference; lastKnownFileType = sourcecode.c.objc; path = ManDocument.m; sourceTree = "<group>"; usesTabs = 0; };
		D39278F80821FFA400376676 /* ManDocumentController.m */ = {isa = PBXFileReference; lastKnownFileType = sourcecode.c.objc; path = ManDocumentController.m; sourceTree = "<group>"; usesTabs = 0; };
		D39278FA0821FFA400376676 /* NSData+Utils.m */ = {isa = PBXFileReference; lastKnownFileType = sourcecode.c.objc; path = "NSData+Utils.m"; sourceTree = "<group>"; usesTabs = 0; };
		D39278FC0821FFA400376676 /* PrefPanelController.m */ = {isa = PBXFileReference; lastKnownFileType = sourcecode.c.objc; path = PrefPanelController.m; sourceTree = "<group>"; usesTabs = 0; };
		D39278FF0821FFA400376676 /* AproposDocument.h */ = {isa = PBXFileReference; lastKnownFileType = sourcecode.c.h; path = AproposDocument.h; sourceTree = "<group>"; usesTabs = 0; };
		D39279030821FFA400376676 /* ManDocument.h */ = {isa = PBXFileReference; lastKnownFileType = sourcecode.c.h; path = ManDocument.h; sourceTree = "<group>"; usesTabs = 0; };
		D39279050821FFA400376676 /* ManDocumentController.h */ = {isa = PBXFileReference; lastKnownFileType = sourcecode.c.h; path = ManDocumentController.h; sourceTree = "<group>"; usesTabs = 0; };
		D39279070821FFA400376676 /* ManOpenProtocol.h */ = {isa = PBXFileReference; lastKnownFileType = sourcecode.c.h; path = ManOpenProtocol.h; sourceTree = "<group>"; usesTabs = 0; };
		D39279090821FFA400376676 /* NSData+Utils.h */ = {isa = PBXFileReference; lastKnownFileType = sourcecode.c.h; path = "NSData+Utils.h"; sourceTree = "<group>"; usesTabs = 0; };
		D392790B0821FFA400376676 /* PrefPanelController.h */ = {isa = PBXFileReference; lastKnownFileType = sourcecode.c.h; path = PrefPanelController.h; sourceTree = "<group>"; usesTabs = 0; };
		D39279100821FFA400376676 /* ManOpen_main.m */ = {isa = PBXFileReference; lastKnownFileType = sourcecode.c.objc; path = ManOpen_main.m; sourceTree = "<group>"; usesTabs = 0; };
		D392792F0821FFA400376676 /* ManOpen.scriptSuite */ = {isa = PBXFileReference; lastKnownFileType = text.plist.scriptSuite; path = ManOpen.scriptSuite; sourceTree = "<group>"; };
		D39279370821FFA400376676 /* English */ = {isa = PBXFileReference; lastKnownFileType = text.rtf; name = English; path = English.lproj/Credits.rtf; sourceTree = "<group>"; };
		D392793A0821FFA400376676 /* English */ = {isa = PBXFileReference; lastKnownFileType = text.plist.strings; name = English; path = English.lproj/InfoPlist.strings; sourceTree = "<group>"; };
		D39279560821FFA400376676 /* cat2rtf.l */ = {isa = PBXFileReference; lastKnownFileType = sourcecode.lex; path = cat2rtf.l; sourceTree = "<group>"; usesTabs = 0; };
		D39279690821FFA400376676 /* cat2html.l */ = {isa = PBXFileReference; lastKnownFileType = sourcecode.lex; path = cat2html.l; sourceTree = "<group>"; usesTabs = 0; };
		D39279770821FFA400376676 /* openman.m */ = {isa = PBXFileReference; lastKnownFileType = sourcecode.c.objc; path = openman.m; sourceTree = "<group>"; usesTabs = 0; };
		D392797F0821FFA400376676 /* openman.1 */ = {isa = PBXFileReference; lastKnownFileType = text.man; path = openman.1; sourceTree = "<group>"; };
		D39279810821FFA400376676 /* Foundation.framework */ = {isa = PBXFileReference; lastKnownFileType = wrapper.framework; name = Foundation.framework; path = /System/Library/Frameworks/Foundation.framework; sourceTree = "<absolute>"; };
		D39279850821FFA400376676 /* AppKit.framework */ = {isa = PBXFileReference; lastKnownFileType = wrapper.framework; name = AppKit.framework; path = /System/Library/Frameworks/AppKit.framework; sourceTree = "<absolute>"; };
/* End PBXFileReference section */

/* Begin PBXFrameworksBuildPhase section */
		55C0CF0719BE04D8009C50D7 /* Frameworks */ = {
			isa = PBXFrameworksBuildPhase;
			buildActionMask = 2147483647;
			files = (
				55C0CF0819BE04D8009C50D7 /* Foundation.framework in Frameworks */,
				55C0CF0919BE04D8009C50D7 /* AppKit.framework in Frameworks */,
			);
			runOnlyForDeploymentPostprocessing = 0;
		};
		D38A242214E4C3FE00F6AFFE /* Frameworks */ = {
			isa = PBXFrameworksBuildPhase;
			buildActionMask = 2147483647;
			files = (
				D38A242314E4C3FE00F6AFFE /* Foundation.framework in Frameworks */,
				D38A242414E4C3FE00F6AFFE /* AppKit.framework in Frameworks */,
			);
			runOnlyForDeploymentPostprocessing = 0;
		};
		D38A243314E4C3FE00F6AFFE /* Frameworks */ = {
			isa = PBXFrameworksBuildPhase;
			buildActionMask = 2147483647;
			files = (
			);
			runOnlyForDeploymentPostprocessing = 0;
		};
		D38A243E14E4C3FE00F6AFFE /* Frameworks */ = {
			isa = PBXFrameworksBuildPhase;
			buildActionMask = 2147483647;
			files = (
				D38A243F14E4C3FE00F6AFFE /* Foundation.framework in Frameworks */,
			);
			runOnlyForDeploymentPostprocessing = 0;
		};
		D38A244A14E4C3FE00F6AFFE /* Frameworks */ = {
			isa = PBXFrameworksBuildPhase;
			buildActionMask = 2147483647;
			files = (
				D38A244B14E4C3FE00F6AFFE /* Foundation.framework in Frameworks */,
				D38A244C14E4C3FE00F6AFFE /* AppKit.framework in Frameworks */,
			);
			runOnlyForDeploymentPostprocessing = 0;
		};
/* End PBXFrameworksBuildPhase section */

/* Begin PBXGroup section */
		5553E222188213BA003C2DBF /* Supporting Files */ = {
			isa = PBXGroup;
			children = (
				5553E22418821455003C2DBF /* cat2html-Info.plist */,
			);
			name = "Supporting Files";
			sourceTree = "<group>";
		};
		5553E22518821499003C2DBF /* Supporting Files */ = {
			isa = PBXGroup;
			children = (
				5553E226188214B9003C2DBF /* cat2rtf-Info.plist */,
			);
			name = "Supporting Files";
			sourceTree = "<group>";
		};
		55C0CF1519BE07E8009C50D7 /* ManOpenSwift */ = {
			isa = PBXGroup;
			children = (
				55C0CF1619BE07E8009C50D7 /* AproposDocument.h */,
				55C0CF1719BE07E8009C50D7 /* AproposDocument.m */,
				55C0CF1819BE07E8009C50D7 /* Apropos.xib */,
				55C0CF1A19BE07E8009C50D7 /* DocController.xib */,
				55C0CF1C19BE07E8009C50D7 /* ManOpen.xib */,
				55C0CF1E19BE07E9009C50D7 /* ManPage.xib */,
				55C0CF2019BE07E9009C50D7 /* PrefPanel.xib */,
				55C0CF3519BE07E9009C50D7 /* Info-ManOpen.plist */,
				55C0CF3619BE07E9009C50D7 /* ManDocument.h */,
				55C0CF3719BE07E9009C50D7 /* ManDocument.m */,
				55B880BA19BEB80E0026FCF9 /* ManDocumentController.swift */,
				55C0CF3819BE07E9009C50D7 /* ManDocumentController.h */,
				55C0CF3919BE07E9009C50D7 /* ManDocumentController.m */,
				55C0CF3A19BE07E9009C50D7 /* ManOpen-nextstep.tiff */,
				55C0CF3D19BE07E9009C50D7 /* ManOpenProtocol.h */,
				55C0CF3E19BE07E9009C50D7 /* ManOpenSwift-Bridging-Header.h */,
				55C0CF3F19BE07E9009C50D7 /* NSData+Utils.h */,
				55C0CF4019BE07E9009C50D7 /* NSData+Utils.m */,
				55C0CF4319BE07E9009C50D7 /* PrefPanelController.swift */,
				55B078E419BE946500586F4C /* NSUserDefaults+additions.swift */,
				55A5E74419BE0BFA00BF2597 /* DisplayPathFormatter.swift */,
				55A5E74619BE11B400BF2597 /* main.swift */,
			);
			path = ManOpenSwift;
			sourceTree = "<group>";
		};
		D39278DB0821FF9D00376676 /* ManOpen */ = {
			isa = PBXGroup;
			children = (
				D39278E40821FFA400376676 /* Subprojects */,
				D39279800821FFA400376676 /* Frameworks */,
				D39278ED0821FFA400376676 /* Products */,
			);
			name = ManOpen;
			sourceTree = "<group>";
		};
		D39278E40821FFA400376676 /* Subprojects */ = {
			isa = PBXGroup;
			children = (
				D39278E50821FFA400376676 /* ManOpen */,
				55C0CF1519BE07E8009C50D7 /* ManOpenSwift */,
				D392796A0821FFA400376676 /* openman */,
			);
			name = Subprojects;
			sourceTree = "<group>";
		};
		D39278E50821FFA400376676 /* ManOpen */ = {
			isa = PBXGroup;
			children = (
				D39278F10821FFA400376676 /* Classes */,
				D392790F0821FFA400376676 /* Other Sources */,
				D39279120821FFA400376676 /* Interfaces */,
				D39279270821FFA400376676 /* Images */,
				D392792E0821FFA400376676 /* Resources */,
				D392793B0821FFA400376676 /* Supporting Files */,
				D39279420821FFA400376676 /* Subprojects */,
			);
			path = ManOpen;
			sourceTree = "<group>";
		};
		D39278ED0821FFA400376676 /* Products */ = {
			isa = PBXGroup;
			children = (
				D38A242D14E4C3FE00F6AFFE /* ManOpen.app */,
				D38A243814E4C3FE00F6AFFE /* cat2rtf */,
				D38A244414E4C3FE00F6AFFE /* cat2html */,
				D38A245114E4C3FE00F6AFFE /* openman */,
				55C0CF1019BE04D8009C50D7 /* ManOpenSwift.app */,
			);
			name = Products;
			sourceTree = "<group>";
		};
		D39278F10821FFA400376676 /* Classes */ = {
			isa = PBXGroup;
			children = (
				D39278FF0821FFA400376676 /* AproposDocument.h */,
				D39278F20821FFA400376676 /* AproposDocument.m */,
				D39279030821FFA400376676 /* ManDocument.h */,
				D39278F60821FFA400376676 /* ManDocument.m */,
				D39279050821FFA400376676 /* ManDocumentController.h */,
				D39278F80821FFA400376676 /* ManDocumentController.m */,
				D39279070821FFA400376676 /* ManOpenProtocol.h */,
				D39279090821FFA400376676 /* NSData+Utils.h */,
				D39278FA0821FFA400376676 /* NSData+Utils.m */,
				D392790B0821FFA400376676 /* PrefPanelController.h */,
				D39278FC0821FFA400376676 /* PrefPanelController.m */,
			);
			name = Classes;
			sourceTree = "<group>";
		};
		D392790F0821FFA400376676 /* Other Sources */ = {
			isa = PBXGroup;
			children = (
				D39279100821FFA400376676 /* ManOpen_main.m */,
			);
			name = "Other Sources";
			sourceTree = "<group>";
		};
		D39279120821FFA400376676 /* Interfaces */ = {
			isa = PBXGroup;
			children = (
				5553E20E1881F640003C2DBF /* Apropos.xib */,
				5553E2111881F646003C2DBF /* DocController.xib */,
				5553E2171881F65A003C2DBF /* ManOpen.xib */,
				5553E21A1881F666003C2DBF /* ManPage.xib */,
				5553E21D1881F670003C2DBF /* PrefPanel.xib */,
			);
			name = Interfaces;
			sourceTree = "<group>";
		};
		D39279270821FFA400376676 /* Images */ = {
			isa = PBXGroup;
			children = (
				5553E21E1881F83E003C2DBF /* Images.xcassets */,
			);
			name = Images;
			sourceTree = "<group>";
		};
		D392792E0821FFA400376676 /* Resources */ = {
			isa = PBXGroup;
			children = (
				552F6EAC18E23A2C0056F78B /* Info-ManOpen.plist */,
				D392792F0821FFA400376676 /* ManOpen.scriptSuite */,
				55F13AB615103C1E0095B5A9 /* ManOpen.scriptTerminology */,
				D39279350821FFA400376676 /* Credits.rtf */,
				D39279380821FFA400376676 /* InfoPlist.strings */,
				5553E1FE1881F2C2003C2DBF /* Help.rtf */,
			);
			name = Resources;
			sourceTree = "<group>";
		};
		D392793B0821FFA400376676 /* Supporting Files */ = {
			isa = PBXGroup;
			children = (
				D38A242C14E4C3FE00F6AFFE /* Info-ManOpen.plist */,
			);
			name = "Supporting Files";
			sourceTree = "<group>";
		};
		D39279420821FFA400376676 /* Subprojects */ = {
			isa = PBXGroup;
			children = (
				D39279430821FFA400376676 /* cat2rtf */,
				D39279570821FFA400376676 /* cat2html */,
			);
			name = Subprojects;
			sourceTree = "<group>";
		};
		D39279430821FFA400376676 /* cat2rtf */ = {
			isa = PBXGroup;
			children = (
				D392794F0821FFA400376676 /* Other Sources */,
				5553E22518821499003C2DBF /* Supporting Files */,
			);
			name = cat2rtf;
			path = cat2rtf.tproj;
			sourceTree = "<group>";
		};
		D392794F0821FFA400376676 /* Other Sources */ = {
			isa = PBXGroup;
			children = (
				D39279560821FFA400376676 /* cat2rtf.l */,
			);
			name = "Other Sources";
			sourceTree = "<group>";
		};
		D39279570821FFA400376676 /* cat2html */ = {
			isa = PBXGroup;
			children = (
				D39279620821FFA400376676 /* Other Sources */,
				5553E222188213BA003C2DBF /* Supporting Files */,
			);
			name = cat2html;
			path = cat2html.tproj;
			sourceTree = "<group>";
		};
		D39279620821FFA400376676 /* Other Sources */ = {
			isa = PBXGroup;
			children = (
				D39279690821FFA400376676 /* cat2html.l */,
			);
			name = "Other Sources";
			sourceTree = "<group>";
		};
		D392796A0821FFA400376676 /* openman */ = {
			isa = PBXGroup;
			children = (
				D39279760821FFA400376676 /* Other Sources */,
				D39279790821FFA400376676 /* Supporting Files */,
			);
			name = openman;
			path = openman.tproj;
			sourceTree = "<group>";
		};
		D39279760821FFA400376676 /* Other Sources */ = {
			isa = PBXGroup;
			children = (
				D39279770821FFA400376676 /* openman.m */,
			);
			name = "Other Sources";
			sourceTree = "<group>";
		};
		D39279790821FFA400376676 /* Supporting Files */ = {
			isa = PBXGroup;
			children = (
				D392797F0821FFA400376676 /* openman.1 */,
				5553E22018821265003C2DBF /* openman-Info.plist */,
			);
			name = "Supporting Files";
			sourceTree = "<group>";
		};
		D39279800821FFA400376676 /* Frameworks */ = {
			isa = PBXGroup;
			children = (
				55E802A3188237FA00037AF6 /* CoreData.framework */,
				55E802A1188237F000037AF6 /* Cocoa.framework */,
				55E8029F188237E000037AF6 /* ApplicationServices.framework */,
				55E8029B188237D600037AF6 /* CoreFoundation.framework */,
				55E8029C188237D600037AF6 /* CoreServices.framework */,
				D39279810821FFA400376676 /* Foundation.framework */,
				D39279850821FFA400376676 /* AppKit.framework */,
			);
			name = Frameworks;
			sourceTree = "<group>";
		};
/* End PBXGroup section */

/* Begin PBXNativeTarget section */
		55C0CEEF19BE04D8009C50D7 /* ManOpenSwift */ = {
			isa = PBXNativeTarget;
			buildConfigurationList = 55C0CF0D19BE04D8009C50D7 /* Build configuration list for PBXNativeTarget "ManOpenSwift" */;
			buildPhases = (
				55C0CEF419BE04D8009C50D7 /* Resources */,
				55C0CF0019BE04D8009C50D7 /* Sources */,
				55C0CF0719BE04D8009C50D7 /* Frameworks */,
				55C0CF0A19BE04D8009C50D7 /* CopyFiles */,
			);
			buildRules = (
			);
			dependencies = (
				55C0CEF019BE04D8009C50D7 /* PBXTargetDependency */,
				55C0CEF219BE04D8009C50D7 /* PBXTargetDependency */,
			);
			name = ManOpenSwift;
			productInstallPath = "$(HOME)/Apps";
			productName = "ManOpen (Application)";
			productReference = 55C0CF1019BE04D8009C50D7 /* ManOpenSwift.app */;
			productType = "com.apple.product-type.application";
		};
		D38A23FD14E4C3FE00F6AFFE /* ManOpen */ = {
			isa = PBXNativeTarget;
			buildConfigurationList = D38A242914E4C3FE00F6AFFE /* Build configuration list for PBXNativeTarget "ManOpen" */;
			buildPhases = (
				D38A240B14E4C3FE00F6AFFE /* Resources */,
				D38A241A14E4C3FE00F6AFFE /* Sources */,
				D38A242214E4C3FE00F6AFFE /* Frameworks */,
				D38A242614E4C3FE00F6AFFE /* CopyFiles */,
			);
			buildRules = (
			);
			dependencies = (
				D38A245814E4C3FE00F6AFFE /* PBXTargetDependency */,
				D38A245A14E4C3FE00F6AFFE /* PBXTargetDependency */,
			);
			name = ManOpen;
			productInstallPath = "$(HOME)/Apps";
			productName = "ManOpen (Application)";
			productReference = D38A242D14E4C3FE00F6AFFE /* ManOpen.app */;
			productType = "com.apple.product-type.application";
		};
		D38A242F14E4C3FE00F6AFFE /* cat2rtf */ = {
			isa = PBXNativeTarget;
			buildConfigurationList = D38A243514E4C3FE00F6AFFE /* Build configuration list for PBXNativeTarget "cat2rtf" */;
			buildPhases = (
				D38A243114E4C3FE00F6AFFE /* Sources */,
				D38A243314E4C3FE00F6AFFE /* Frameworks */,
			);
			buildRules = (
			);
			dependencies = (
			);
			name = cat2rtf;
			productName = "cat2rtf (Tool)";
			productReference = D38A243814E4C3FE00F6AFFE /* cat2rtf */;
			productType = "com.apple.product-type.tool";
		};
		D38A243A14E4C3FE00F6AFFE /* cat2html */ = {
			isa = PBXNativeTarget;
			buildConfigurationList = D38A244114E4C3FE00F6AFFE /* Build configuration list for PBXNativeTarget "cat2html" */;
			buildPhases = (
				D38A243C14E4C3FE00F6AFFE /* Sources */,
				D38A243E14E4C3FE00F6AFFE /* Frameworks */,
			);
			buildRules = (
			);
			dependencies = (
			);
			name = cat2html;
			productName = "cat2html (Tool)";
			productReference = D38A244414E4C3FE00F6AFFE /* cat2html */;
			productType = "com.apple.product-type.tool";
		};
		D38A244614E4C3FE00F6AFFE /* openman */ = {
			isa = PBXNativeTarget;
			buildConfigurationList = D38A244E14E4C3FE00F6AFFE /* Build configuration list for PBXNativeTarget "openman" */;
			buildPhases = (
				D38A244814E4C3FE00F6AFFE /* Sources */,
				D38A244A14E4C3FE00F6AFFE /* Frameworks */,
				D3EA5C4314EDC3C100AB000A /* CopyFiles */,
			);
			buildRules = (
			);
			dependencies = (
			);
			name = openman;
			productInstallPath = /usr/local/bin;
			productName = "openman (Tool)";
			productReference = D38A245114E4C3FE00F6AFFE /* openman */;
			productType = "com.apple.product-type.tool";
		};
/* End PBXNativeTarget section */

/* Begin PBXProject section */
		D39279890821FFA400376676 /* Project object */ = {
			isa = PBXProject;
			attributes = {
				LastUpgradeCheck = 0600;
			};
			buildConfigurationList = D38A23BC14E38E1E00F6AFFE /* Build configuration list for PBXProject "ManOpen" */;
			compatibilityVersion = "Xcode 3.2";
			developmentRegion = English;
			hasScannedForEncodings = 1;
			knownPlatforms = (
				macos,
				macosclassic,
				windows,
				solaris,
				hpux,
				macintosh,
			);
			knownRegions = (
				en,
				English,
				Base,
			);
			mainGroup = D39278DB0821FF9D00376676 /* ManOpen */;
			productRefGroup = D39278ED0821FFA400376676 /* Products */;
			projectDirPath = "";
			projectRoot = "";
			targets = (
				D38A23F314E4C3FE00F6AFFE /* Aggregate */,
				D38A23FD14E4C3FE00F6AFFE /* ManOpen */,
				55C0CEEF19BE04D8009C50D7 /* ManOpenSwift */,
				D38A242F14E4C3FE00F6AFFE /* cat2rtf */,
				D38A243A14E4C3FE00F6AFFE /* cat2html */,
				D38A244614E4C3FE00F6AFFE /* openman */,
			);
		};
/* End PBXProject section */

/* Begin PBXResourcesBuildPhase section */
		55C0CEF419BE04D8009C50D7 /* Resources */ = {
			isa = PBXResourcesBuildPhase;
			buildActionMask = 2147483647;
			files = (
				55C0CF4519BE07E9009C50D7 /* Apropos.xib in Resources */,
				55C0CEF519BE04D8009C50D7 /* Images.xcassets in Resources */,
				55C0CEF619BE04D8009C50D7 /* ManOpen.scriptSuite in Resources */,
				55C0CEF719BE04D8009C50D7 /* ManOpen.scriptTerminology in Resources */,
				55C0CF4719BE07E9009C50D7 /* ManOpen.xib in Resources */,
				55C0CEF819BE04D8009C50D7 /* Credits.rtf in Resources */,
				55C0CF4819BE07E9009C50D7 /* ManPage.xib in Resources */,
				55C0CEF919BE04D8009C50D7 /* Help.rtf in Resources */,
				55C0CF4619BE07E9009C50D7 /* DocController.xib in Resources */,
				55C0CF4919BE07E9009C50D7 /* PrefPanel.xib in Resources */,
				55C0CEFE19BE04D8009C50D7 /* InfoPlist.strings in Resources */,
				55C0CF5719BE07E9009C50D7 /* ManOpen-nextstep.tiff in Resources */,
			);
			runOnlyForDeploymentPostprocessing = 0;
		};
		D38A240B14E4C3FE00F6AFFE /* Resources */ = {
			isa = PBXResourcesBuildPhase;
			buildActionMask = 2147483647;
			files = (
				5553E21F1881F83E003C2DBF /* Images.xcassets in Resources */,
				D38A241514E4C3FE00F6AFFE /* ManOpen.scriptSuite in Resources */,
				55F13AB415103C1E0095B5A9 /* ManOpen.scriptTerminology in Resources */,
				D38A241814E4C3FE00F6AFFE /* Credits.rtf in Resources */,
				5553E1FC1881F2C2003C2DBF /* Help.rtf in Resources */,
				5553E2151881F65A003C2DBF /* ManOpen.xib in Resources */,
				5553E2181881F666003C2DBF /* ManPage.xib in Resources */,
				5553E20F1881F646003C2DBF /* DocController.xib in Resources */,
				5553E20C1881F640003C2DBF /* Apropos.xib in Resources */,
				D38A241914E4C3FE00F6AFFE /* InfoPlist.strings in Resources */,
				5553E21B1881F670003C2DBF /* PrefPanel.xib in Resources */,
			);
			runOnlyForDeploymentPostprocessing = 0;
		};
/* End PBXResourcesBuildPhase section */

/* Begin PBXSourcesBuildPhase section */
		55C0CF0019BE04D8009C50D7 /* Sources */ = {
			isa = PBXSourcesBuildPhase;
			buildActionMask = 2147483647;
			files = (
				55C0CF5A19BE07E9009C50D7 /* NSData+Utils.m in Sources */,
				55B078E519BE946500586F4C /* NSUserDefaults+additions.swift in Sources */,
				55C0CF5C19BE07E9009C50D7 /* PrefPanelController.swift in Sources */,
				55A5E74719BE11B400BF2597 /* main.swift in Sources */,
				55B880BB19BEB80E0026FCF9 /* ManDocumentController.swift in Sources */,
				55C0CF5519BE07E9009C50D7 /* ManDocument.m in Sources */,
				55A5E74519BE0BFA00BF2597 /* DisplayPathFormatter.swift in Sources */,
				55C0CF4419BE07E9009C50D7 /* AproposDocument.m in Sources */,
			);
			runOnlyForDeploymentPostprocessing = 0;
		};
		D38A241A14E4C3FE00F6AFFE /* Sources */ = {
			isa = PBXSourcesBuildPhase;
			buildActionMask = 2147483647;
			files = (
				55C0CF6019BE0865009C50D7 /* NSData+Utils.m in Sources */,
				D38A242114E4C3FE00F6AFFE /* ManOpen_main.m in Sources */,
				55C0CF5F19BE0865009C50D7 /* ManDocumentController.m in Sources */,
				55C0CF5D19BE0865009C50D7 /* AproposDocument.m in Sources */,
				55C0CF5E19BE0865009C50D7 /* ManDocument.m in Sources */,
				55C0CF6119BE0865009C50D7 /* PrefPanelController.m in Sources */,
			);
			runOnlyForDeploymentPostprocessing = 0;
		};
		D38A243114E4C3FE00F6AFFE /* Sources */ = {
			isa = PBXSourcesBuildPhase;
			buildActionMask = 2147483647;
			files = (
				D38A24F414E5AC0600F6AFFE /* cat2rtf.l in Sources */,
			);
			runOnlyForDeploymentPostprocessing = 0;
		};
		D38A243C14E4C3FE00F6AFFE /* Sources */ = {
			isa = PBXSourcesBuildPhase;
			buildActionMask = 2147483647;
			files = (
				D38A250514E5B05300F6AFFE /* cat2html.l in Sources */,
			);
			runOnlyForDeploymentPostprocessing = 0;
		};
		D38A244814E4C3FE00F6AFFE /* Sources */ = {
			isa = PBXSourcesBuildPhase;
			buildActionMask = 2147483647;
			files = (
				D38A244914E4C3FE00F6AFFE /* openman.m in Sources */,
			);
			runOnlyForDeploymentPostprocessing = 0;
		};
/* End PBXSourcesBuildPhase section */

/* Begin PBXTargetDependency section */
		55C0CEF019BE04D8009C50D7 /* PBXTargetDependency */ = {
			isa = PBXTargetDependency;
			target = D38A242F14E4C3FE00F6AFFE /* cat2rtf */;
			targetProxy = 55C0CEF119BE04D8009C50D7 /* PBXContainerItemProxy */;
		};
		55C0CEF219BE04D8009C50D7 /* PBXTargetDependency */ = {
			isa = PBXTargetDependency;
			target = D38A243A14E4C3FE00F6AFFE /* cat2html */;
			targetProxy = 55C0CEF319BE04D8009C50D7 /* PBXContainerItemProxy */;
		};
		D38A245414E4C3FE00F6AFFE /* PBXTargetDependency */ = {
			isa = PBXTargetDependency;
			target = D38A23FD14E4C3FE00F6AFFE /* ManOpen */;
			targetProxy = D38A245314E4C3FE00F6AFFE /* PBXContainerItemProxy */;
		};
		D38A245814E4C3FE00F6AFFE /* PBXTargetDependency */ = {
			isa = PBXTargetDependency;
			target = D38A242F14E4C3FE00F6AFFE /* cat2rtf */;
			targetProxy = D38A245714E4C3FE00F6AFFE /* PBXContainerItemProxy */;
		};
		D38A245A14E4C3FE00F6AFFE /* PBXTargetDependency */ = {
			isa = PBXTargetDependency;
			target = D38A243A14E4C3FE00F6AFFE /* cat2html */;
			targetProxy = D38A245914E4C3FE00F6AFFE /* PBXContainerItemProxy */;
		};
		D38A247D14E4C7FC00F6AFFE /* PBXTargetDependency */ = {
			isa = PBXTargetDependency;
			target = D38A244614E4C3FE00F6AFFE /* openman */;
			targetProxy = D38A247C14E4C7FC00F6AFFE /* PBXContainerItemProxy */;
		};
/* End PBXTargetDependency section */

/* Begin PBXVariantGroup section */
		5553E1FE1881F2C2003C2DBF /* Help.rtf */ = {
			isa = PBXVariantGroup;
			children = (
				5553E1FF1881F2CA003C2DBF /* en */,
			);
			name = Help.rtf;
			sourceTree = "<group>";
		};
		5553E20E1881F640003C2DBF /* Apropos.xib */ = {
			isa = PBXVariantGroup;
			children = (
				55485832190C53570017BB41 /* Base */,
				55485838190C53610017BB41 /* en */,
			);
			name = Apropos.xib;
			sourceTree = "<group>";
		};
		5553E2111881F646003C2DBF /* DocController.xib */ = {
			isa = PBXVariantGroup;
			children = (
				55485833190C53570017BB41 /* Base */,
				5548583A190C536D0017BB41 /* en */,
			);
			name = DocController.xib;
			sourceTree = "<group>";
		};
		5553E2171881F65A003C2DBF /* ManOpen.xib */ = {
			isa = PBXVariantGroup;
			children = (
				55485834190C53570017BB41 /* Base */,
				5548583C190C53750017BB41 /* en */,
			);
			name = ManOpen.xib;
			sourceTree = "<group>";
		};
		5553E21A1881F666003C2DBF /* ManPage.xib */ = {
			isa = PBXVariantGroup;
			children = (
				55485835190C53570017BB41 /* Base */,
				5548583E190C537A0017BB41 /* en */,
			);
			name = ManPage.xib;
			sourceTree = "<group>";
		};
		5553E21D1881F670003C2DBF /* PrefPanel.xib */ = {
			isa = PBXVariantGroup;
			children = (
				55485836190C53570017BB41 /* Base */,
				55485840190C537F0017BB41 /* en */,
			);
			name = PrefPanel.xib;
			sourceTree = "<group>";
		};
		55C0CF1819BE07E8009C50D7 /* Apropos.xib */ = {
			isa = PBXVariantGroup;
			children = (
				55C0CF1919BE07E8009C50D7 /* Base */,
				55C0CF6219BE0894009C50D7 /* en */,
			);
			name = Apropos.xib;
			sourceTree = "<group>";
		};
		55C0CF1A19BE07E8009C50D7 /* DocController.xib */ = {
			isa = PBXVariantGroup;
			children = (
				55C0CF1B19BE07E8009C50D7 /* Base */,
				55C0CF6319BE08A8009C50D7 /* en */,
			);
			name = DocController.xib;
			sourceTree = "<group>";
		};
		55C0CF1C19BE07E8009C50D7 /* ManOpen.xib */ = {
			isa = PBXVariantGroup;
			children = (
				55C0CF1D19BE07E9009C50D7 /* Base */,
				55C0CF6419BE08AC009C50D7 /* en */,
			);
			name = ManOpen.xib;
			sourceTree = "<group>";
		};
		55C0CF1E19BE07E9009C50D7 /* ManPage.xib */ = {
			isa = PBXVariantGroup;
			children = (
				55C0CF1F19BE07E9009C50D7 /* Base */,
				55C0CF6519BE08B0009C50D7 /* en */,
			);
			name = ManPage.xib;
			sourceTree = "<group>";
		};
		55C0CF2019BE07E9009C50D7 /* PrefPanel.xib */ = {
			isa = PBXVariantGroup;
			children = (
				55C0CF2119BE07E9009C50D7 /* Base */,
				55C0CF6619BE08B6009C50D7 /* en */,
			);
			name = PrefPanel.xib;
			sourceTree = "<group>";
		};
		55F13AB615103C1E0095B5A9 /* ManOpen.scriptTerminology */ = {
			isa = PBXVariantGroup;
			children = (
				55F13AB515103C1E0095B5A9 /* English */,
			);
			name = ManOpen.scriptTerminology;
			sourceTree = "<group>";
		};
		D39279350821FFA400376676 /* Credits.rtf */ = {
			isa = PBXVariantGroup;
			children = (
				D39279370821FFA400376676 /* English */,
			);
			name = Credits.rtf;
			sourceTree = "<group>";
		};
		D39279380821FFA400376676 /* InfoPlist.strings */ = {
			isa = PBXVariantGroup;
			children = (
				D392793A0821FFA400376676 /* English */,
			);
			name = InfoPlist.strings;
			sourceTree = "<group>";
		};
/* End PBXVariantGroup section */

/* Begin XCBuildConfiguration section */
		55C0CF0E19BE04D8009C50D7 /* Debug */ = {
			isa = XCBuildConfiguration;
			buildSettings = {
				ASSETCATALOG_COMPILER_APPICON_NAME = ManOpen;
				CLANG_ENABLE_MODULES = YES;
				COMBINE_HIDPI_IMAGES = YES;
				GCC_PRECOMPILE_PREFIX_HEADER = YES;
				GCC_PREFIX_HEADER = "$(SYSTEM_LIBRARY_DIR)/Frameworks/Cocoa.framework/Headers/Cocoa.h";
				GCC_SYMBOLS_PRIVATE_EXTERN = NO;
				INFOPLIST_FILE = "ManOpenSwift/Info-ManOpen.plist";
				LD_RUNPATH_SEARCH_PATHS = "$(inherited) @executable_path/../Frameworks";
				MACOSX_DEPLOYMENT_TARGET = 10.9;
				PRODUCT_NAME = "$(TARGET_NAME)";
				SKIP_INSTALL = NO;
				SWIFT_OBJC_BRIDGING_HEADER = "ManOpenSwift/ManOpenSwift-Bridging-Header.h";
				SWIFT_OPTIMIZATION_LEVEL = "-Onone";
				WRAPPER_EXTENSION = app;
			};
			name = Debug;
		};
		55C0CF0F19BE04D8009C50D7 /* Release */ = {
			isa = XCBuildConfiguration;
			buildSettings = {
				ASSETCATALOG_COMPILER_APPICON_NAME = ManOpen;
				CLANG_ENABLE_MODULES = YES;
				COMBINE_HIDPI_IMAGES = YES;
				GCC_PRECOMPILE_PREFIX_HEADER = YES;
				GCC_PREFIX_HEADER = "$(SYSTEM_LIBRARY_DIR)/Frameworks/Cocoa.framework/Headers/Cocoa.h";
				GCC_SYMBOLS_PRIVATE_EXTERN = NO;
				INFOPLIST_FILE = "ManOpenSwift/Info-ManOpen.plist";
				LD_RUNPATH_SEARCH_PATHS = "$(inherited) @executable_path/../Frameworks";
				MACOSX_DEPLOYMENT_TARGET = 10.9;
				PRODUCT_NAME = "$(TARGET_NAME)";
				SKIP_INSTALL = NO;
				SWIFT_OBJC_BRIDGING_HEADER = "ManOpenSwift/ManOpenSwift-Bridging-Header.h";
				WRAPPER_EXTENSION = app;
			};
			name = Release;
		};
		D38A23AA14E38E1E00F6AFFE /* Debug */ = {
			isa = XCBuildConfiguration;
			buildSettings = {
				APPLY_RULES_IN_COPY_FILES = YES;
				CLANG_ENABLE_MODULES = YES;
				CLANG_ENABLE_OBJC_ARC = YES;
				CLANG_WARN_DEPRECATED_OBJC_IMPLEMENTATIONS = YES;
				CLANG_WARN_DIRECT_OBJC_ISA_USAGE = YES_ERROR;
				CLANG_WARN_OBJC_ROOT_CLASS = YES_ERROR;
				CLANG_WARN__DUPLICATE_METHOD_MATCH = YES;
				COPY_PHASE_STRIP = NO;
				DEBUG_INFORMATION_FORMAT = dwarf;
				GCC_C_LANGUAGE_STANDARD = gnu99;
				GCC_DYNAMIC_NO_PIC = NO;
				GCC_INCREASE_PRECOMPILED_HEADER_SHARING = YES;
				GCC_INLINES_ARE_PRIVATE_EXTERN = YES;
				GCC_OPTIMIZATION_LEVEL = 0;
				GCC_SYMBOLS_PRIVATE_EXTERN = NO;
				GCC_WARN_64_TO_32_BIT_CONVERSION = YES;
				GCC_WARN_UNINITIALIZED_AUTOS = YES;
				LLVM_LTO = NO;
				MACOSX_DEPLOYMENT_TARGET = 10.8;
				ONLY_ACTIVE_ARCH = YES;
				SDKROOT = macosx;
				SKIP_INSTALL = YES;
				STRIP_INSTALLED_PRODUCT = NO;
			};
			name = Debug;
		};
		D38A23AB14E38E1E00F6AFFE /* Release */ = {
			isa = XCBuildConfiguration;
			buildSettings = {
				APPLY_RULES_IN_COPY_FILES = YES;
				CLANG_ENABLE_MODULES = YES;
				CLANG_ENABLE_OBJC_ARC = YES;
				CLANG_WARN_DEPRECATED_OBJC_IMPLEMENTATIONS = YES;
				CLANG_WARN_DIRECT_OBJC_ISA_USAGE = YES_ERROR;
				CLANG_WARN_OBJC_ROOT_CLASS = YES_ERROR;
				CLANG_WARN__DUPLICATE_METHOD_MATCH = YES;
				DEAD_CODE_STRIPPING = YES;
				DEBUG_INFORMATION_FORMAT = "dwarf-with-dsym";
				GCC_C_LANGUAGE_STANDARD = gnu99;
				GCC_DYNAMIC_NO_PIC = NO;
				GCC_INCREASE_PRECOMPILED_HEADER_SHARING = YES;
				GCC_INLINES_ARE_PRIVATE_EXTERN = YES;
				GCC_SYMBOLS_PRIVATE_EXTERN = YES;
				GCC_UNROLL_LOOPS = YES;
				GCC_WARN_64_TO_32_BIT_CONVERSION = YES;
				GCC_WARN_UNINITIALIZED_AUTOS = YES;
				LLVM_LTO = YES;
				MACOSX_DEPLOYMENT_TARGET = 10.8;
				SDKROOT = macosx;
				SKIP_INSTALL = YES;
				STRINGS_FILE_OUTPUT_ENCODING = binary;
			};
			name = Release;
		};
		D38A23FB14E4C3FE00F6AFFE /* Debug */ = {
			isa = XCBuildConfiguration;
			buildSettings = {
				PRODUCT_NAME = ManOpen;
				SECTORDER_FLAGS = "";
			};
			name = Debug;
		};
		D38A23FC14E4C3FE00F6AFFE /* Release */ = {
			isa = XCBuildConfiguration;
			buildSettings = {
				PRODUCT_NAME = ManOpen;
				SECTORDER_FLAGS = "";
			};
			name = Release;
		};
		D38A242A14E4C3FE00F6AFFE /* Debug */ = {
			isa = XCBuildConfiguration;
			buildSettings = {
				ASSETCATALOG_COMPILER_APPICON_NAME = ManOpen;
				COMBINE_HIDPI_IMAGES = YES;
				GCC_PRECOMPILE_PREFIX_HEADER = YES;
				GCC_PREFIX_HEADER = "$(SYSTEM_LIBRARY_DIR)/Frameworks/Cocoa.framework/Headers/Cocoa.h";
				GCC_SYMBOLS_PRIVATE_EXTERN = NO;
				INFOPLIST_FILE = "ManOpen/Info-ManOpen.plist";
				PRODUCT_NAME = "$(TARGET_NAME)";
				SKIP_INSTALL = NO;
				WRAPPER_EXTENSION = app;
			};
			name = Debug;
		};
		D38A242B14E4C3FE00F6AFFE /* Release */ = {
			isa = XCBuildConfiguration;
			buildSettings = {
				ASSETCATALOG_COMPILER_APPICON_NAME = ManOpen;
				COMBINE_HIDPI_IMAGES = YES;
				GCC_PRECOMPILE_PREFIX_HEADER = YES;
				GCC_PREFIX_HEADER = "$(SYSTEM_LIBRARY_DIR)/Frameworks/Cocoa.framework/Headers/Cocoa.h";
				GCC_SYMBOLS_PRIVATE_EXTERN = NO;
				INFOPLIST_FILE = "ManOpen/Info-ManOpen.plist";
				PRODUCT_NAME = "$(TARGET_NAME)";
				SKIP_INSTALL = NO;
				WRAPPER_EXTENSION = app;
			};
			name = Release;
		};
		D38A243614E4C3FE00F6AFFE /* Debug */ = {
			isa = XCBuildConfiguration;
			buildSettings = {
				CREATE_INFOPLIST_SECTION_IN_BINARY = YES;
				INFOPLIST_FILE = "ManOpen/cat2rtf.tproj/cat2rtf-Info.plist";
				PRODUCT_NAME = "$(TARGET_NAME)";
			};
			name = Debug;
		};
		D38A243714E4C3FE00F6AFFE /* Release */ = {
			isa = XCBuildConfiguration;
			buildSettings = {
				CREATE_INFOPLIST_SECTION_IN_BINARY = YES;
				INFOPLIST_FILE = "ManOpen/cat2rtf.tproj/cat2rtf-Info.plist";
				PRODUCT_NAME = "$(TARGET_NAME)";
			};
			name = Release;
		};
		D38A244214E4C3FE00F6AFFE /* Debug */ = {
			isa = XCBuildConfiguration;
			buildSettings = {
				CREATE_INFOPLIST_SECTION_IN_BINARY = YES;
				INFOPLIST_FILE = "ManOpen/cat2html.tproj/cat2html-Info.plist";
				PRODUCT_NAME = "$(TARGET_NAME)";
			};
			name = Debug;
		};
		D38A244314E4C3FE00F6AFFE /* Release */ = {
			isa = XCBuildConfiguration;
			buildSettings = {
				CREATE_INFOPLIST_SECTION_IN_BINARY = YES;
				INFOPLIST_FILE = "ManOpen/cat2html.tproj/cat2html-Info.plist";
				PRODUCT_NAME = "$(TARGET_NAME)";
			};
			name = Release;
		};
		D38A244F14E4C3FE00F6AFFE /* Debug */ = {
			isa = XCBuildConfiguration;
			buildSettings = {
				CREATE_INFOPLIST_SECTION_IN_BINARY = YES;
				INFOPLIST_FILE = "openman.tproj/openman-Info.plist";
				PRODUCT_NAME = "$(TARGET_NAME)";
				SKIP_INSTALL = NO;
			};
			name = Debug;
		};
		D38A245014E4C3FE00F6AFFE /* Release */ = {
			isa = XCBuildConfiguration;
			buildSettings = {
				CREATE_INFOPLIST_SECTION_IN_BINARY = YES;
				INFOPLIST_FILE = "openman.tproj/openman-Info.plist";
				PRODUCT_NAME = "$(TARGET_NAME)";
				SKIP_INSTALL = NO;
			};
			name = Release;
		};
/* End XCBuildConfiguration section */

/* Begin XCConfigurationList section */
		55C0CF0D19BE04D8009C50D7 /* Build configuration list for PBXNativeTarget "ManOpenSwift" */ = {
			isa = XCConfigurationList;
			buildConfigurations = (
				55C0CF0E19BE04D8009C50D7 /* Debug */,
				55C0CF0F19BE04D8009C50D7 /* Release */,
			);
			defaultConfigurationIsVisible = 0;
			defaultConfigurationName = Release;
		};
		D38A23BC14E38E1E00F6AFFE /* Build configuration list for PBXProject "ManOpen" */ = {
			isa = XCConfigurationList;
			buildConfigurations = (
				D38A23AA14E38E1E00F6AFFE /* Debug */,
				D38A23AB14E38E1E00F6AFFE /* Release */,
			);
			defaultConfigurationIsVisible = 0;
			defaultConfigurationName = Release;
		};
		D38A23FA14E4C3FE00F6AFFE /* Build configuration list for PBXAggregateTarget "Aggregate" */ = {
			isa = XCConfigurationList;
			buildConfigurations = (
				D38A23FB14E4C3FE00F6AFFE /* Debug */,
				D38A23FC14E4C3FE00F6AFFE /* Release */,
			);
			defaultConfigurationIsVisible = 0;
			defaultConfigurationName = Release;
		};
		D38A242914E4C3FE00F6AFFE /* Build configuration list for PBXNativeTarget "ManOpen" */ = {
			isa = XCConfigurationList;
			buildConfigurations = (
				D38A242A14E4C3FE00F6AFFE /* Debug */,
				D38A242B14E4C3FE00F6AFFE /* Release */,
			);
			defaultConfigurationIsVisible = 0;
			defaultConfigurationName = Release;
		};
		D38A243514E4C3FE00F6AFFE /* Build configuration list for PBXNativeTarget "cat2rtf" */ = {
			isa = XCConfigurationList;
			buildConfigurations = (
				D38A243614E4C3FE00F6AFFE /* Debug */,
				D38A243714E4C3FE00F6AFFE /* Release */,
			);
			defaultConfigurationIsVisible = 0;
			defaultConfigurationName = Release;
		};
		D38A244114E4C3FE00F6AFFE /* Build configuration list for PBXNativeTarget "cat2html" */ = {
			isa = XCConfigurationList;
			buildConfigurations = (
				D38A244214E4C3FE00F6AFFE /* Debug */,
				D38A244314E4C3FE00F6AFFE /* Release */,
			);
			defaultConfigurationIsVisible = 0;
			defaultConfigurationName = Release;
		};
		D38A244E14E4C3FE00F6AFFE /* Build configuration list for PBXNativeTarget "openman" */ = {
			isa = XCConfigurationList;
			buildConfigurations = (
				D38A244F14E4C3FE00F6AFFE /* Debug */,
				D38A245014E4C3FE00F6AFFE /* Release */,
			);
			defaultConfigurationIsVisible = 0;
			defaultConfigurationName = Release;
		};
/* End XCConfigurationList section */
	};
	rootObject = D39279890821FFA400376676 /* Project object */;
}
